
Microsoft Visual Studio Solution File, Format Version 12.00
# Visual Studio 15
VisualStudioVersion = 15.0.27428.2005
MinimumVisualStudioVersion = 10.0.40219.1
Project("{FAE04EC0-301F-11D3-BF4B-00C04F79EFBC}") = "databaseStoreProdMiniProject", "databaseStoreProdMiniProject\databaseStoreProdMiniProject.csproj", "{7904678B-606A-4E45-952D-C5457E408885}"
EndProject
Global
	GlobalSection(SolutionConfigurationPlatforms) = preSolution
		Debug|Any CPU = Debug|Any CPU
		Release|Any CPU = Release|Any CPU
	EndGlobalSection
	GlobalSection(ProjectConfigurationPlatforms) = postSolution
		{7904678B-606A-4E45-952D-C5457E408885}.Debug|Any CPU.ActiveCfg = Debug|Any CPU
		{7904678B-606A-4E45-952D-C5457E408885}.Debug|Any CPU.Build.0 = Debug|Any CPU
		{7904678B-606A-4E45-952D-C5457E408885}.Release|Any CPU.ActiveCfg = Release|Any CPU
		{7904678B-606A-4E45-952D-C5457E408885}.Release|Any CPU.Build.0 = Release|Any CPU
	EndGlobalSection
	GlobalSection(SolutionProperties) = preSolution
		HideSolutionNode = FALSE
	EndGlobalSection
	GlobalSection(ExtensibilityGlobals) = postSolution
		SolutionGuid = {E2C6347B-A8CB-485B-8ED9-3BC139CE6A73}
	EndGlobalSection
EndGlobal
